<?xml version="1.0" encoding="utf-8"?>
<Project ToolsVersion="4.0" xmlns="http://schemas.microsoft.com/developer/msbuild/2003">
  <ItemGroup>
    <Filter Include="Source">
      <UniqueIdentifier>{4FC737F1-C7A5-4376-A066-2A32D752A2FF}</UniqueIdentifier>
      <Extensions>cpp;c;cc;cxx;def;odl;idl;hpj;bat;asm;asmx</Extensions>
    </Filter>
    <Filter Include="Header">
      <UniqueIdentifier>{93995380-89BD-4b04-88EB-625FBE52EBFB}</UniqueIdentifier>
      <Extensions>h;hh;hpp;hxx;hm;inl;inc;ipp;xsd</Extensions>
    </Filter>
    <Filter Include="Header\renderlib">
      <UniqueIdentifier>{ff6dcba7-3e6c-4332-8269-67146c67e45a}</UniqueIdentifier>
    </Filter>
    <Filter Include="Header\renderlib\detail">
      <UniqueIdentifier>{5293a395-fd5b-4f1c-a58a-548003e9c660}</UniqueIdentifier>
    </Filter>
    <Filter Include="Header\d3d11">
      <UniqueIdentifier>{0af62e18-e2c7-46d0-9873-a10c7b972833}</UniqueIdentifier>
    </Filter>
    <Filter Include="Source\d3d11">
      <UniqueIdentifier>{8ec951c1-5391-40f0-b2c1-50c47b8165c6}</UniqueIdentifier>
    </Filter>
    <Filter Include="Header\renderlib\impl">
      <UniqueIdentifier>{e0fdb124-7b1d-4a14-a38c-c242bed724c5}</UniqueIdentifier>
    </Filter>
    <Filter Include="Source\third_party">
      <UniqueIdentifier>{734720b6-f769-4841-97ff-bfbde63e76b8}</UniqueIdentifier>
    </Filter>
    <Filter Include="Source\third_party\FW1FontWrapper">
      <UniqueIdentifier>{09254ed7-128a-4cdc-aca9-86541348b0ce}</UniqueIdentifier>
    </Filter>
    <Filter Include="Source\renderlib">
      <UniqueIdentifier>{432b1e60-b82f-4bfa-a6b5-7f2e6996d59d}</UniqueIdentifier>
    </Filter>
    <Filter Include="Source\third_party\stb">
      <UniqueIdentifier>{42f6d1c9-7fe7-4d47-99c0-1e6e477c6078}</UniqueIdentifier>
    </Filter>
  </ItemGroup>
  <ItemGroup>
    <ClInclude Include="include\renderlib\IRenderer.h">
      <Filter>Header\renderlib</Filter>
    </ClInclude>
    <ClInclude Include="include\renderlib\IRenderQueue.h">
      <Filter>Header\renderlib</Filter>
    </ClInclude>
    <ClInclude Include="include\renderlib\IRenderTarget.h">
      <Filter>Header\renderlib</Filter>
    </ClInclude>
    <ClInclude Include="include\renderlib\IRenderTexture.h">
      <Filter>Header\renderlib</Filter>
    </ClInclude>
    <ClInclude Include="include\renderlib\renderlib.h">
      <Filter>Header\renderlib</Filter>
    </ClInclude>
    <ClInclude Include="include\renderlib\detail\renderlibColors.h">
      <Filter>Header\renderlib\detail</Filter>
    </ClInclude>
    <ClInclude Include="include\renderlib\IRenderFont.h">
      <Filter>Header\renderlib</Filter>
    </ClInclude>
    <ClInclude Include="include\renderlib\IRenderContext.h">
      <Filter>Header\renderlib</Filter>
    </ClInclude>
    <ClInclude Include="include\renderlib\impl\renderlibD3D11.h">
      <Filter>Header\renderlib\impl</Filter>
    </ClInclude>
    <ClInclude Include="include\renderlib\detail\renderlibFactory.h">
      <Filter>Header\renderlib\detail</Filter>
    </ClInclude>
    <ClInclude Include="include\renderlib\detail\renderlibMath.h">
      <Filter>Header\renderlib\detail</Filter>
    </ClInclude>
    <ClInclude Include="include\renderlib\IRenderShader.h">
      <Filter>Header\renderlib</Filter>
    </ClInclude>
    <ClInclude Include="include\renderlib\IVideoBuffer.h">
      <Filter>Header\renderlib</Filter>
    </ClInclude>
    <ClInclude Include="include\renderlib\IShaderInputLayout.h">
      <Filter>Header\renderlib</Filter>
    </ClInclude>
    <ClInclude Include="include\renderlib\IRenderSurface.h">
      <Filter>Header\renderlib</Filter>
    </ClInclude>
    <ClInclude Include="src\d3d11\D3D11BlendState.h">
      <Filter>Header\d3d11</Filter>
    </ClInclude>
    <ClInclude Include="src\d3d11\D3D11Factory.h">
      <Filter>Header\d3d11</Filter>
    </ClInclude>
    <ClInclude Include="src\d3d11\D3D11RenderContext.h">
      <Filter>Header\d3d11</Filter>
    </ClInclude>
    <ClInclude Include="src\d3d11\D3D11Renderer.h">
      <Filter>Header\d3d11</Filter>
    </ClInclude>
    <ClInclude Include="src\d3d11\D3D11RenderQueue.h">
      <Filter>Header\d3d11</Filter>
    </ClInclude>
    <ClInclude Include="src\d3d11\D3D11RenderSurface.h">
      <Filter>Header\d3d11</Filter>
    </ClInclude>
    <ClInclude Include="src\d3d11\D3D11RenderTarget.h">
      <Filter>Header\d3d11</Filter>
    </ClInclude>
    <ClInclude Include="src\d3d11\D3D11ShaderBundle.h">
      <Filter>Header\d3d11</Filter>
    </ClInclude>
    <ClInclude Include="src\d3d11\D3D11ShaderInputLayout.h">
      <Filter>Header\d3d11</Filter>
    </ClInclude>
    <ClInclude Include="src\d3d11\D3D11Shaders.h">
      <Filter>Header\d3d11</Filter>
    </ClInclude>
    <ClInclude Include="src\d3d11\D3D11VideoBuffer.h">
      <Filter>Header\d3d11</Filter>
    </ClInclude>
    <ClInclude Include="src\d3d11\D3D11RenderFont.h">
      <Filter>Header\d3d11</Filter>
    </ClInclude>
    <ClInclude Include="src\d3d11\D3D11RenderShader.h">
      <Filter>Header\d3d11</Filter>
    </ClInclude>
    <ClInclude Include="src\d3d11\D3D11RenderTexture.h">
      <Filter>Header\d3d11</Filter>
    </ClInclude>
    <ClInclude Include="include\renderlib\IShaderSampler.h">
      <Filter>Header\renderlib</Filter>
    </ClInclude>
    <ClInclude Include="src\d3d11\D3D11ShaderSampler.h">
      <Filter>Header\d3d11</Filter>
    </ClInclude>
    <ClInclude Include="third_party\stb\stb_image.h">
      <Filter>Source\third_party\stb</Filter>
    </ClInclude>
  </ItemGroup>
  <ItemGroup>
    <ClCompile Include="src\d3d11\D3D11BlendState.cpp">
      <Filter>Source\d3d11</Filter>
    </ClCompile>
    <ClCompile Include="src\d3d11\D3D11Renderer.cpp">
      <Filter>Source\d3d11</Filter>
    </ClCompile>
    <ClCompile Include="src\d3d11\D3D11RenderQueue.cpp">
      <Filter>Source\d3d11</Filter>
    </ClCompile>
    <ClCompile Include="src\d3d11\D3D11RenderTarget.cpp">
      <Filter>Source\d3d11</Filter>
    </ClCompile>
    <ClCompile Include="src\d3d11\D3D11ShaderBundle.cpp">
      <Filter>Source\d3d11</Filter>
    </ClCompile>
    <ClCompile Include="src\d3d11\D3D11RenderContext.cpp">
      <Filter>Source\d3d11</Filter>
    </ClCompile>
    <ClCompile Include="src\d3d11\D3D11Factory.cpp">
      <Filter>Source\d3d11</Filter>
    </ClCompile>
    <ClCompile Include="third_party\FW1FontWrapper\CFW1ColorRGBA.cpp">
      <Filter>Source\third_party\FW1FontWrapper</Filter>
    </ClCompile>
    <ClCompile Include="third_party\FW1FontWrapper\CFW1ColorRGBAInterface.cpp">
      <Filter>Source\third_party\FW1FontWrapper</Filter>
    </ClCompile>
    <ClCompile Include="third_party\FW1FontWrapper\CFW1DWriteRenderTarget.cpp">
      <Filter>Source\third_party\FW1FontWrapper</Filter>
    </ClCompile>
    <ClCompile Include="third_party\FW1FontWrapper\CFW1DWriteRenderTargetInterface.cpp">
      <Filter>Source\third_party\FW1FontWrapper</Filter>
    </ClCompile>
    <ClCompile Include="third_party\FW1FontWrapper\CFW1Factory.cpp">
      <Filter>Source\third_party\FW1FontWrapper</Filter>
    </ClCompile>
    <ClCompile Include="third_party\FW1FontWrapper\CFW1FactoryInterface.cpp">
      <Filter>Source\third_party\FW1FontWrapper</Filter>
    </ClCompile>
    <ClCompile Include="third_party\FW1FontWrapper\CFW1FontWrapper.cpp">
      <Filter>Source\third_party\FW1FontWrapper</Filter>
    </ClCompile>
    <ClCompile Include="third_party\FW1FontWrapper\CFW1FontWrapperInterface.cpp">
      <Filter>Source\third_party\FW1FontWrapper</Filter>
    </ClCompile>
    <ClCompile Include="third_party\FW1FontWrapper\CFW1GlyphAtlas.cpp">
      <Filter>Source\third_party\FW1FontWrapper</Filter>
    </ClCompile>
    <ClCompile Include="third_party\FW1FontWrapper\CFW1GlyphAtlasInterface.cpp">
      <Filter>Source\third_party\FW1FontWrapper</Filter>
    </ClCompile>
    <ClCompile Include="third_party\FW1FontWrapper\CFW1GlyphProvider.cpp">
      <Filter>Source\third_party\FW1FontWrapper</Filter>
    </ClCompile>
    <ClCompile Include="third_party\FW1FontWrapper\CFW1GlyphProviderInterface.cpp">
      <Filter>Source\third_party\FW1FontWrapper</Filter>
    </ClCompile>
    <ClCompile Include="third_party\FW1FontWrapper\CFW1GlyphRenderStates.cpp">
      <Filter>Source\third_party\FW1FontWrapper</Filter>
    </ClCompile>
    <ClCompile Include="third_party\FW1FontWrapper\CFW1GlyphRenderStatesInterface.cpp">
      <Filter>Source\third_party\FW1FontWrapper</Filter>
    </ClCompile>
    <ClCompile Include="third_party\FW1FontWrapper\CFW1GlyphSheet.cpp">
      <Filter>Source\third_party\FW1FontWrapper</Filter>
    </ClCompile>
    <ClCompile Include="third_party\FW1FontWrapper\CFW1GlyphSheetInterface.cpp">
      <Filter>Source\third_party\FW1FontWrapper</Filter>
    </ClCompile>
    <ClCompile Include="third_party\FW1FontWrapper\CFW1GlyphVertexDrawer.cpp">
      <Filter>Source\third_party\FW1FontWrapper</Filter>
    </ClCompile>
    <ClCompile Include="third_party\FW1FontWrapper\CFW1GlyphVertexDrawerInterface.cpp">
      <Filter>Source\third_party\FW1FontWrapper</Filter>
    </ClCompile>
    <ClCompile Include="third_party\FW1FontWrapper\CFW1StateSaver.cpp">
      <Filter>Source\third_party\FW1FontWrapper</Filter>
    </ClCompile>
    <ClCompile Include="third_party\FW1FontWrapper\CFW1TextGeometry.cpp">
      <Filter>Source\third_party\FW1FontWrapper</Filter>
    </ClCompile>
    <ClCompile Include="third_party\FW1FontWrapper\CFW1TextGeometryInterface.cpp">
      <Filter>Source\third_party\FW1FontWrapper</Filter>
    </ClCompile>
    <ClCompile Include="third_party\FW1FontWrapper\CFW1TextRenderer.cpp">
      <Filter>Source\third_party\FW1FontWrapper</Filter>
    </ClCompile>
    <ClCompile Include="third_party\FW1FontWrapper\CFW1TextRendererInterface.cpp">
      <Filter>Source\third_party\FW1FontWrapper</Filter>
    </ClCompile>
    <ClCompile Include="third_party\FW1FontWrapper\FW1FontWrapper.cpp">
      <Filter>Source\third_party\FW1FontWrapper</Filter>
    </ClCompile>
    <ClCompile Include="third_party\FW1FontWrapper\FW1Precompiled.cpp">
      <Filter>Source\third_party\FW1FontWrapper</Filter>
    </ClCompile>
    <ClCompile Include="src\d3d11\D3D11VideoBuffer.cpp">
      <Filter>Source\d3d11</Filter>
    </ClCompile>
    <ClCompile Include="src\d3d11\D3D11ShaderInputLayout.cpp">
      <Filter>Source\d3d11</Filter>
    </ClCompile>
    <ClCompile Include="src\d3d11\D3D11RenderSurface.cpp">
      <Filter>Source\d3d11</Filter>
    </ClCompile>
    <ClCompile Include="src\d3d11\D3D11RenderFont.cpp">
      <Filter>Source\d3d11</Filter>
    </ClCompile>
    <ClCompile Include="src\d3d11\D3D11RenderShader.cpp">
      <Filter>Source\d3d11</Filter>
    </ClCompile>
    <ClCompile Include="src\d3d11\D3D11RenderTexture.cpp">
      <Filter>Source\d3d11</Filter>
    </ClCompile>
    <ClCompile Include="src\d3d11\D3D11ShaderSampler.cpp">
      <Filter>Source\d3d11</Filter>
    </ClCompile>
  </ItemGroup>
</Project>